# This file is automatically @generated by Cargo.
# It is not intended for manual editing.
version = 4

[[package]]
name = "autocommit-cli"
version = "0.1.0"
dependencies = [
 "autocommit-core",
]

[[package]]
name = "autocommit-core"
version = "0.1.0"
dependencies = [
 "llama-sys",
]

[[package]]
name = "llama-sys"
version = "0.1.0"
